
Microsoft Visual Studio Solution File, Format Version 12.00
# Visual Studio Version 16
VisualStudioVersion = 16.0.29215.179
MinimumVisualStudioVersion = 10.0.40219.1
Project("{FAE04EC0-301F-11D3-BF4B-00C04F79EFBC}") = "Assignment 7", "Assignment 7\Assignment 7.csproj", "{942EAA58-8419-47BE-A771-9E5C6A77CA27}"
EndProject
Global
	GlobalSection(SolutionConfigurationPlatforms) = preSolution
		Debug|Any CPU = Debug|Any CPU
		Release|Any CPU = Release|Any CPU
	EndGlobalSection
	GlobalSection(ProjectConfigurationPlatforms) = postSolution
		{942EAA58-8419-47BE-A771-9E5C6A77CA27}.Debug|Any CPU.ActiveCfg = Debug|Any CPU
		{942EAA58-8419-47BE-A771-9E5C6A77CA27}.Debug|Any CPU.Build.0 = Debug|Any CPU
		{942EAA58-8419-47BE-A771-9E5C6A77CA27}.Release|Any CPU.ActiveCfg = Release|Any CPU
		{942EAA58-8419-47BE-A771-9E5C6A77CA27}.Release|Any CPU.Build.0 = Release|Any CPU
	EndGlobalSection
	GlobalSection(SolutionProperties) = preSolution
		HideSolutionNode = FALSE
	EndGlobalSection
	GlobalSection(ExtensibilityGlobals) = postSolution
		SolutionGuid = {9A384388-7B47-417F-BF87-3E7C9E9F573D}
	EndGlobalSection
EndGlobal
