
Microsoft Visual Studio Solution File, Format Version 12.00
# Visual Studio Version 16
VisualStudioVersion = 16.0.29215.179
MinimumVisualStudioVersion = 10.0.40219.1
Project("{FAE04EC0-301F-11D3-BF4B-00C04F79EFBC}") = "Lab 10", "Lab 10\Lab 10.csproj", "{1C3025C9-D447-472C-BA4A-7F636E566107}"
EndProject
Global
	GlobalSection(SolutionConfigurationPlatforms) = preSolution
		Debug|Any CPU = Debug|Any CPU
		Release|Any CPU = Release|Any CPU
	EndGlobalSection
	GlobalSection(ProjectConfigurationPlatforms) = postSolution
		{1C3025C9-D447-472C-BA4A-7F636E566107}.Debug|Any CPU.ActiveCfg = Debug|Any CPU
		{1C3025C9-D447-472C-BA4A-7F636E566107}.Debug|Any CPU.Build.0 = Debug|Any CPU
		{1C3025C9-D447-472C-BA4A-7F636E566107}.Release|Any CPU.ActiveCfg = Release|Any CPU
		{1C3025C9-D447-472C-BA4A-7F636E566107}.Release|Any CPU.Build.0 = Release|Any CPU
	EndGlobalSection
	GlobalSection(SolutionProperties) = preSolution
		HideSolutionNode = FALSE
	EndGlobalSection
	GlobalSection(ExtensibilityGlobals) = postSolution
		SolutionGuid = {E05984E3-BF4E-4673-933B-14CA0262FF72}
	EndGlobalSection
EndGlobal
