
Microsoft Visual Studio Solution File, Format Version 12.00
# Visual Studio Version 16
VisualStudioVersion = 16.0.29215.179
MinimumVisualStudioVersion = 10.0.40219.1
Project("{FAE04EC0-301F-11D3-BF4B-00C04F79EFBC}") = "Lab 8", "Lab 8\Lab 8.csproj", "{BA908796-14B8-46FD-9848-5AC9DDA71119}"
EndProject
Global
	GlobalSection(SolutionConfigurationPlatforms) = preSolution
		Debug|Any CPU = Debug|Any CPU
		Release|Any CPU = Release|Any CPU
	EndGlobalSection
	GlobalSection(ProjectConfigurationPlatforms) = postSolution
		{BA908796-14B8-46FD-9848-5AC9DDA71119}.Debug|Any CPU.ActiveCfg = Debug|Any CPU
		{BA908796-14B8-46FD-9848-5AC9DDA71119}.Debug|Any CPU.Build.0 = Debug|Any CPU
		{BA908796-14B8-46FD-9848-5AC9DDA71119}.Release|Any CPU.ActiveCfg = Release|Any CPU
		{BA908796-14B8-46FD-9848-5AC9DDA71119}.Release|Any CPU.Build.0 = Release|Any CPU
	EndGlobalSection
	GlobalSection(SolutionProperties) = preSolution
		HideSolutionNode = FALSE
	EndGlobalSection
	GlobalSection(ExtensibilityGlobals) = postSolution
		SolutionGuid = {6C467D08-2C1C-433B-8994-01069DC34FEB}
	EndGlobalSection
EndGlobal
